// !$*UTF8*$!
{
	archiveVersion = 1;
	classes = {
	};
	objectVersion = 46;
	objects = {

/* Begin PBXBuildFile section */
		CDE29EBF1C10D7D3009100FD /* main.m in Sources */ = {isa = PBXBuildFile; fileRef = CDE29EBE1C10D7D3009100FD /* main.m */; };
		CDE29EC21C10D7D3009100FD /* AppDelegate.m in Sources */ = {isa = PBXBuildFile; fileRef = CDE29EC11C10D7D3009100FD /* AppDelegate.m */; };
		CDE29EC51C10D7D3009100FD /* ViewController.m in Sources */ = {isa = PBXBuildFile; fileRef = CDE29EC41C10D7D3009100FD /* ViewController.m */; };
		CDE29EC81C10D7D4009100FD /* Main.storyboard in Resources */ = {isa = PBXBuildFile; fileRef = CDE29EC61C10D7D4009100FD /* Main.storyboard */; };
		CDE29ECA1C10D7D4009100FD /* Assets.xcassets in Resources */ = {isa = PBXBuildFile; fileRef = CDE29EC91C10D7D4009100FD /* Assets.xcassets */; };
		CDE29ECD1C10D7D4009100FD /* LaunchScreen.storyboard in Resources */ = {isa = PBXBuildFile; fileRef = CDE29ECB1C10D7D4009100FD /* LaunchScreen.storyboard */; };
		CDE29ED61C10DE3C009100FD /* PersonAPIManager.m in Sources */ = {isa = PBXBuildFile; fileRef = CDE29ED51C10DE3C009100FD /* PersonAPIManager.m */; };
		CDE29ED91C10DE6C009100FD /* Person.m in Sources */ = {isa = PBXBuildFile; fileRef = CDE29ED81C10DE6C009100FD /* Person.m */; };
		CDE29EDC1C10DF31009100FD /* Person+ParsePersonDetails.m in Sources */ = {isa = PBXBuildFile; fileRef = CDE29EDB1C10DF31009100FD /* Person+ParsePersonDetails.m */; };
		CDE29EDF1C10E07B009100FD /* PersonTableViewDataSource.m in Sources */ = {isa = PBXBuildFile; fileRef = CDE29EDE1C10E07B009100FD /* PersonTableViewDataSource.m */; };
		CDE29EE21C10E10D009100FD /* PersonTableViewCell.m in Sources */ = {isa = PBXBuildFile; fileRef = CDE29EE11C10E10D009100FD /* PersonTableViewCell.m */; };
		CDE29EE51C10E149009100FD /* PersonTableViewCell+LayoutPersonCell.m in Sources */ = {isa = PBXBuildFile; fileRef = CDE29EE41C10E149009100FD /* PersonTableViewCell+LayoutPersonCell.m */; };
/* End PBXBuildFile section */

/* Begin PBXFileReference section */
		CDE29EBA1C10D7D3009100FD /* TableSample.app */ = {isa = PBXFileReference; explicitFileType = wrapper.application; includeInIndex = 0; path = TableSample.app; sourceTree = BUILT_PRODUCTS_DIR; };
		CDE29EBE1C10D7D3009100FD /* main.m */ = {isa = PBXFileReference; lastKnownFileType = sourcecode.c.objc; path = main.m; sourceTree = "<group>"; };
		CDE29EC01C10D7D3009100FD /* AppDelegate.h */ = {isa = PBXFileReference; lastKnownFileType = sourcecode.c.h; path = AppDelegate.h; sourceTree = "<group>"; };
		CDE29EC11C10D7D3009100FD /* AppDelegate.m */ = {isa = PBXFileReference; lastKnownFileType = sourcecode.c.objc; path = AppDelegate.m; sourceTree = "<group>"; };
		CDE29EC31C10D7D3009100FD /* ViewController.h */ = {isa = PBXFileReference; lastKnownFileType = sourcecode.c.h; path = ViewController.h; sourceTree = "<group>"; };
		CDE29EC41C10D7D3009100FD /* ViewController.m */ = {isa = PBXFileReference; lastKnownFileType = sourcecode.c.objc; path = ViewController.m; sourceTree = "<group>"; };
		CDE29EC71C10D7D4009100FD /* Base */ = {isa = PBXFileReference; lastKnownFileType = file.storyboard; name = Base; path = Base.lproj/Main.storyboard; sourceTree = "<group>"; };
		CDE29EC91C10D7D4009100FD /* Assets.xcassets */ = {isa = PBXFileReference; lastKnownFileType = folder.assetcatalog; path = Assets.xcassets; sourceTree = "<group>"; };
		CDE29ECC1C10D7D4009100FD /* Base */ = {isa = PBXFileReference; lastKnownFileType = file.storyboard; name = Base; path = Base.lproj/LaunchScreen.storyboard; sourceTree = "<group>"; };
		CDE29ECE1C10D7D4009100FD /* Info.plist */ = {isa = PBXFileReference; lastKnownFileType = text.plist.xml; path = Info.plist; sourceTree = "<group>"; };
		CDE29ED41C10DE3C009100FD /* PersonAPIManager.h */ = {isa = PBXFileReference; fileEncoding = 4; lastKnownFileType = sourcecode.c.h; path = PersonAPIManager.h; sourceTree = "<group>"; };
		CDE29ED51C10DE3C009100FD /* PersonAPIManager.m */ = {isa = PBXFileReference; fileEncoding = 4; lastKnownFileType = sourcecode.c.objc; path = PersonAPIManager.m; sourceTree = "<group>"; };
		CDE29ED71C10DE6C009100FD /* Person.h */ = {isa = PBXFileReference; fileEncoding = 4; lastKnownFileType = sourcecode.c.h; path = Person.h; sourceTree = "<group>"; };
		CDE29ED81C10DE6C009100FD /* Person.m */ = {isa = PBXFileReference; fileEncoding = 4; lastKnownFileType = sourcecode.c.objc; path = Person.m; sourceTree = "<group>"; };
		CDE29EDA1C10DF31009100FD /* Person+ParsePersonDetails.h */ = {isa = PBXFileReference; fileEncoding = 4; lastKnownFileType = sourcecode.c.h; path = "Person+ParsePersonDetails.h"; sourceTree = "<group>"; };
		CDE29EDB1C10DF31009100FD /* Person+ParsePersonDetails.m */ = {isa = PBXFileReference; fileEncoding = 4; lastKnownFileType = sourcecode.c.objc; path = "Person+ParsePersonDetails.m"; sourceTree = "<group>"; };
		CDE29EDD1C10E07B009100FD /* PersonTableViewDataSource.h */ = {isa = PBXFileReference; fileEncoding = 4; lastKnownFileType = sourcecode.c.h; path = PersonTableViewDataSource.h; sourceTree = "<group>"; };
		CDE29EDE1C10E07B009100FD /* PersonTableViewDataSource.m */ = {isa = PBXFileReference; fileEncoding = 4; lastKnownFileType = sourcecode.c.objc; path = PersonTableViewDataSource.m; sourceTree = "<group>"; };
		CDE29EE01C10E10D009100FD /* PersonTableViewCell.h */ = {isa = PBXFileReference; fileEncoding = 4; lastKnownFileType = sourcecode.c.h; path = PersonTableViewCell.h; sourceTree = "<group>"; };
		CDE29EE11C10E10D009100FD /* PersonTableViewCell.m */ = {isa = PBXFileReference; fileEncoding = 4; lastKnownFileType = sourcecode.c.objc; path = PersonTableViewCell.m; sourceTree = "<group>"; };
		CDE29EE31C10E149009100FD /* PersonTableViewCell+LayoutPersonCell.h */ = {isa = PBXFileReference; fileEncoding = 4; lastKnownFileType = sourcecode.c.h; path = "PersonTableViewCell+LayoutPersonCell.h"; sourceTree = "<group>"; };
		CDE29EE41C10E149009100FD /* PersonTableViewCell+LayoutPersonCell.m */ = {isa = PBXFileReference; fileEncoding = 4; lastKnownFileType = sourcecode.c.objc; path = "PersonTableViewCell+LayoutPersonCell.m"; sourceTree = "<group>"; };
/* End PBXFileReference section */

/* Begin PBXFrameworksBuildPhase section */
		CDE29EB71C10D7D3009100FD /* Frameworks */ = {
			isa = PBXFrameworksBuildPhase;
			buildActionMask = 2147483647;
			files = (
			);
			runOnlyForDeploymentPostprocessing = 0;
		};
/* End PBXFrameworksBuildPhase section */

/* Begin PBXGroup section */
		CDE29EB11C10D7D3009100FD = {
			isa = PBXGroup;
			children = (
				CDE29EBC1C10D7D3009100FD /* TableSample */,
				CDE29EBB1C10D7D3009100FD /* Products */,
			);
			sourceTree = "<group>";
		};
		CDE29EBB1C10D7D3009100FD /* Products */ = {
			isa = PBXGroup;
			children = (
				CDE29EBA1C10D7D3009100FD /* TableSample.app */,
			);
			name = Products;
			sourceTree = "<group>";
		};
		CDE29EBC1C10D7D3009100FD /* TableSample */ = {
			isa = PBXGroup;
			children = (
				CDE29EC01C10D7D3009100FD /* AppDelegate.h */,
				CDE29EC11C10D7D3009100FD /* AppDelegate.m */,
				CDE29EE01C10E10D009100FD /* PersonTableViewCell.h */,
				CDE29EE11C10E10D009100FD /* PersonTableViewCell.m */,
				CDE29EE31C10E149009100FD /* PersonTableViewCell+LayoutPersonCell.h */,
				CDE29EE41C10E149009100FD /* PersonTableViewCell+LayoutPersonCell.m */,
				CDE29EDD1C10E07B009100FD /* PersonTableViewDataSource.h */,
				CDE29EDE1C10E07B009100FD /* PersonTableViewDataSource.m */,
				CDE29EC31C10D7D3009100FD /* ViewController.h */,
				CDE29EC41C10D7D3009100FD /* ViewController.m */,
				CDE29ED71C10DE6C009100FD /* Person.h */,
				CDE29ED81C10DE6C009100FD /* Person.m */,
				CDE29EDA1C10DF31009100FD /* Person+ParsePersonDetails.h */,
				CDE29EDB1C10DF31009100FD /* Person+ParsePersonDetails.m */,
				CDE29ED41C10DE3C009100FD /* PersonAPIManager.h */,
				CDE29ED51C10DE3C009100FD /* PersonAPIManager.m */,
				CDE29EC61C10D7D4009100FD /* Main.storyboard */,
				CDE29EC91C10D7D4009100FD /* Assets.xcassets */,
				CDE29ECB1C10D7D4009100FD /* LaunchScreen.storyboard */,
				CDE29ECE1C10D7D4009100FD /* Info.plist */,
				CDE29EBD1C10D7D3009100FD /* Supporting Files */,
			);
			path = TableSample;
			sourceTree = "<group>";
		};
		CDE29EBD1C10D7D3009100FD /* Supporting Files */ = {
			isa = PBXGroup;
			children = (
				CDE29EBE1C10D7D3009100FD /* main.m */,
			);
			name = "Supporting Files";
			sourceTree = "<group>";
		};
/* End PBXGroup section */

/* Begin PBXNativeTarget section */
		CDE29EB91C10D7D3009100FD /* TableSample */ = {
			isa = PBXNativeTarget;
			buildConfigurationList = CDE29ED11C10D7D4009100FD /* Build configuration list for PBXNativeTarget "TableSample" */;
			buildPhases = (
				CDE29EB61C10D7D3009100FD /* Sources */,
				CDE29EB71C10D7D3009100FD /* Frameworks */,
				CDE29EB81C10D7D3009100FD /* Resources */,
			);
			buildRules = (
			);
			dependencies = (
			);
			name = TableSample;
			productName = TableSample;
			productReference = CDE29EBA1C10D7D3009100FD /* TableSample.app */;
			productType = "com.apple.product-type.application";
		};
/* End PBXNativeTarget section */

/* Begin PBXProject section */
		CDE29EB21C10D7D3009100FD /* Project object */ = {
			isa = PBXProject;
			attributes = {
				LastUpgradeCheck = 0710;
				ORGANIZATIONNAME = "Patrick McGarity";
				TargetAttributes = {
					CDE29EB91C10D7D3009100FD = {
						CreatedOnToolsVersion = 7.1;
						DevelopmentTeam = AWWZRF5SCW;
					};
				};
			};
			buildConfigurationList = CDE29EB51C10D7D3009100FD /* Build configuration list for PBXProject "TableSample" */;
			compatibilityVersion = "Xcode 3.2";
			developmentRegion = English;
			hasScannedForEncodings = 0;
			knownRegions = (
				en,
				Base,
			);
			mainGroup = CDE29EB11C10D7D3009100FD;
			productRefGroup = CDE29EBB1C10D7D3009100FD /* Products */;
			projectDirPath = "";
			projectRoot = "";
			targets = (
				CDE29EB91C10D7D3009100FD /* TableSample */,
			);
		};
/* End PBXProject section */

/* Begin PBXResourcesBuildPhase section */
		CDE29EB81C10D7D3009100FD /* Resources */ = {
			isa = PBXResourcesBuildPhase;
			buildActionMask = 2147483647;
			files = (
				CDE29ECD1C10D7D4009100FD /* LaunchScreen.storyboard in Resources */,
				CDE29ECA1C10D7D4009100FD /* Assets.xcassets in Resources */,
				CDE29EC81C10D7D4009100FD /* Main.storyboard in Resources */,
			);
			runOnlyForDeploymentPostprocessing = 0;
		};
/* End PBXResourcesBuildPhase section */

/* Begin PBXSourcesBuildPhase section */
		CDE29EB61C10D7D3009100FD /* Sources */ = {
			isa = PBXSourcesBuildPhase;
			buildActionMask = 2147483647;
			files = (
				CDE29EC51C10D7D3009100FD /* ViewController.m in Sources */,
				CDE29EDF1C10E07B009100FD /* PersonTableViewDataSource.m in Sources */,
				CDE29EE21C10E10D009100FD /* PersonTableViewCell.m in Sources */,
				CDE29ED61C10DE3C009100FD /* PersonAPIManager.m in Sources */,
				CDE29ED91C10DE6C009100FD /* Person.m in Sources */,
				CDE29EE51C10E149009100FD /* PersonTableViewCell+LayoutPersonCell.m in Sources */,
				CDE29EC21C10D7D3009100FD /* AppDelegate.m in Sources */,
				CDE29EDC1C10DF31009100FD /* Person+ParsePersonDetails.m in Sources */,
				CDE29EBF1C10D7D3009100FD /* main.m in Sources */,
			);
			runOnlyForDeploymentPostprocessing = 0;
		};
/* End PBXSourcesBuildPhase section */

/* Begin PBXVariantGroup section */
		CDE29EC61C10D7D4009100FD /* Main.storyboard */ = {
			isa = PBXVariantGroup;
			children = (
				CDE29EC71C10D7D4009100FD /* Base */,
			);
			name = Main.storyboard;
			sourceTree = "<group>";
		};
		CDE29ECB1C10D7D4009100FD /* LaunchScreen.storyboard */ = {
			isa = PBXVariantGroup;
			children = (
				CDE29ECC1C10D7D4009100FD /* Base */,
			);
			name = LaunchScreen.storyboard;
			sourceTree = "<group>";
		};
/* End PBXVariantGroup section */

/* Begin XCBuildConfiguration section */
		CDE29ECF1C10D7D4009100FD /* Debug */ = {
			isa = XCBuildConfiguration;
			buildSettings = {
				ALWAYS_SEARCH_USER_PATHS = NO;
				CLANG_CXX_LANGUAGE_STANDARD = "gnu++0x";
				CLANG_CXX_LIBRARY = "libc++";
				CLANG_ENABLE_MODULES = YES;
				CLANG_ENABLE_OBJC_ARC = YES;
				CLANG_WARN_BOOL_CONVERSION = YES;
				CLANG_WARN_CONSTANT_CONVERSION = YES;
				CLANG_WARN_DIRECT_OBJC_ISA_USAGE = YES_ERROR;
				CLANG_WARN_EMPTY_BODY = YES;
				CLANG_WARN_ENUM_CONVERSION = YES;
				CLANG_WARN_INT_CONVERSION = YES;
				CLANG_WARN_OBJC_ROOT_CLASS = YES_ERROR;
				CLANG_WARN_UNREACHABLE_CODE = YES;
				CLANG_WARN__DUPLICATE_METHOD_MATCH = YES;
				"CODE_SIGN_IDENTITY[sdk=iphoneos*]" = "iPhone Developer";
				COPY_PHASE_STRIP = NO;
				DEBUG_INFORMATION_FORMAT = dwarf;
				ENABLE_STRICT_OBJC_MSGSEND = YES;
				ENABLE_TESTABILITY = YES;
				GCC_C_LANGUAGE_STANDARD = gnu99;
				GCC_DYNAMIC_NO_PIC = NO;
				GCC_NO_COMMON_BLOCKS = YES;
				GCC_OPTIMIZATION_LEVEL = 0;
				GCC_PREPROCESSOR_DEFINITIONS = (
					"DEBUG=1",
					"$(inherited)",
				);
				GCC_WARN_64_TO_32_BIT_CONVERSION = YES;
				GCC_WARN_ABOUT_RETURN_TYPE = YES_ERROR;
				GCC_WARN_UNDECLARED_SELECTOR = YES;
				GCC_WARN_UNINITIALIZED_AUTOS = YES_AGGRESSIVE;
				GCC_WARN_UNUSED_FUNCTION = YES;
				GCC_WARN_UNUSED_VARIABLE = YES;
				IPHONEOS_DEPLOYMENT_TARGET = 9.1;
				MTL_ENABLE_DEBUG_INFO = YES;
				ONLY_ACTIVE_ARCH = YES;
				SDKROOT = iphoneos;
			};
			name = Debug;
		};
		CDE29ED01C10D7D4009100FD /* Release */ = {
			isa = XCBuildConfiguration;
			buildSettings = {
				ALWAYS_SEARCH_USER_PATHS = NO;
				CLANG_CXX_LANGUAGE_STANDARD = "gnu++0x";
				CLANG_CXX_LIBRARY = "libc++";
				CLANG_ENABLE_MODULES = YES;
				CLANG_ENABLE_OBJC_ARC = YES;
				CLANG_WARN_BOOL_CONVERSION = YES;
				CLANG_WARN_CONSTANT_CONVERSION = YES;
				CLANG_WARN_DIRECT_OBJC_ISA_USAGE = YES_ERROR;
				CLANG_WARN_EMPTY_BODY = YES;
				CLANG_WARN_ENUM_CONVERSION = YES;
				CLANG_WARN_INT_CONVERSION = YES;
				CLANG_WARN_OBJC_ROOT_CLASS = YES_ERROR;
				CLANG_WARN_UNREACHABLE_CODE = YES;
				CLANG_WARN__DUPLICATE_METHOD_MATCH = YES;
				"CODE_SIGN_IDENTITY[sdk=iphoneos*]" = "iPhone Developer";
				COPY_PHASE_STRIP = NO;
				DEBUG_INFORMATION_FORMAT = "dwarf-with-dsym";
				ENABLE_NS_ASSERTIONS = NO;
				ENABLE_STRICT_OBJC_MSGSEND = YES;
				GCC_C_LANGUAGE_STANDARD = gnu99;
				GCC_NO_COMMON_BLOCKS = YES;
				GCC_WARN_64_TO_32_BIT_CONVERSION = YES;
				GCC_WARN_ABOUT_RETURN_TYPE = YES_ERROR;
				GCC_WARN_UNDECLARED_SELECTOR = YES;
				GCC_WARN_UNINITIALIZED_AUTOS = YES_AGGRESSIVE;
				GCC_WARN_UNUSED_FUNCTION = YES;
				GCC_WARN_UNUSED_VARIABLE = YES;
				IPHONEOS_DEPLOYMENT_TARGET = 9.1;
				MTL_ENABLE_DEBUG_INFO = NO;
				SDKROOT = iphoneos;
				VALIDATE_PRODUCT = YES;
			};
			name = Release;
		};
		CDE29ED21C10D7D4009100FD /* Debug */ = {
			isa = XCBuildConfiguration;
			buildSettings = {
				ASSETCATALOG_COMPILER_APPICON_NAME = AppIcon;
				INFOPLIST_FILE = TableSample/Info.plist;
				LD_RUNPATH_SEARCH_PATHS = "$(inherited) @executable_path/Frameworks";
				PRODUCT_BUNDLE_IDENTIFIER = Patrick.TableSample;
				PRODUCT_NAME = "$(TARGET_NAME)";
			};
			name = Debug;
		};
		CDE29ED31C10D7D4009100FD /* Release */ = {
			isa = XCBuildConfiguration;
			buildSettings = {
				ASSETCATALOG_COMPILER_APPICON_NAME = AppIcon;
				INFOPLIST_FILE = TableSample/Info.plist;
				LD_RUNPATH_SEARCH_PATHS = "$(inherited) @executable_path/Frameworks";
				PRODUCT_BUNDLE_IDENTIFIER = Patrick.TableSample;
				PRODUCT_NAME = "$(TARGET_NAME)";
			};
			name = Release;
		};
/* End XCBuildConfiguration section */

/* Begin XCConfigurationList section */
		CDE29EB51C10D7D3009100FD /* Build configuration list for PBXProject "TableSample" */ = {
			isa = XCConfigurationList;
			buildConfigurations = (
				CDE29ECF1C10D7D4009100FD /* Debug */,
				CDE29ED01C10D7D4009100FD /* Release */,
			);
			defaultConfigurationIsVisible = 0;
			defaultConfigurationName = Release;
		};
		CDE29ED11C10D7D4009100FD /* Build configuration list for PBXNativeTarget "TableSample" */ = {
			isa = XCConfigurationList;
			buildConfigurations = (
				CDE29ED21C10D7D4009100FD /* Debug */,
				CDE29ED31C10D7D4009100FD /* Release */,
			);
			defaultConfigurationIsVisible = 0;
		};
/* End XCConfigurationList section */
	};
	rootObject = CDE29EB21C10D7D3009100FD /* Project object */;
}
